// !$*UTF8*$!
{
	archiveVersion = 1;
	classes = {
	};
	objectVersion = 77;
	objects = {

/* Begin PBXContainerItemProxy section */
		099914BF2E61755D00718415 /* PBXContainerItemProxy */ = {
			isa = PBXContainerItemProxy;
			containerPortal = 099914A02E61755A00718415 /* Project object */;
			proxyType = 1;
			remoteGlobalIDString = 099914A72E61755A00718415;
			remoteInfo = StockMarketDisplayApp;
		};
		099914C92E61755D00718415 /* PBXContainerItemProxy */ = {
			isa = PBXContainerItemProxy;
			containerPortal = 099914A02E61755A00718415 /* Project object */;
			proxyType = 1;
			remoteGlobalIDString = 099914A72E61755A00718415;
			remoteInfo = StockMarketDisplayApp;
		};
/* End PBXContainerItemProxy section */

/* Begin PBXFileReference section */
		099914A82E61755A00718415 /* StockMarketDisplayApp.app */ = {isa = PBXFileReference; explicitFileType = wrapper.application; includeInIndex = 0; path = StockMarketDisplayApp.app; sourceTree = BUILT_PRODUCTS_DIR; };
		099914BE2E61755D00718415 /* StockMarketDisplayAppTests.xctest */ = {isa = PBXFileReference; explicitFileType = wrapper.cfbundle; includeInIndex = 0; path = StockMarketDisplayAppTests.xctest; sourceTree = BUILT_PRODUCTS_DIR; };
		099914C82E61755D00718415 /* StockMarketDisplayAppUITests.xctest */ = {isa = PBXFileReference; explicitFileType = wrapper.cfbundle; includeInIndex = 0; path = StockMarketDisplayAppUITests.xctest; sourceTree = BUILT_PRODUCTS_DIR; };
/* End PBXFileReference section */

/* Begin PBXFileSystemSynchronizedBuildFileExceptionSet section */
		099914D02E61755D00718415 /* Exceptions for "StockMarketDisplayApp" folder in "StockMarketDisplayApp" target */ = {
			isa = PBXFileSystemSynchronizedBuildFileExceptionSet;
			membershipExceptions = (
				Info.plist,
			);
			target = 099914A72E61755A00718415 /* StockMarketDisplayApp */;
		};
/* End PBXFileSystemSynchronizedBuildFileExceptionSet section */

/* Begin PBXFileSystemSynchronizedRootGroup section */
		099914AA2E61755A00718415 /* StockMarketDisplayApp */ = {
			isa = PBXFileSystemSynchronizedRootGroup;
			exceptions = (
				099914D02E61755D00718415 /* Exceptions for "StockMarketDisplayApp" folder in "StockMarketDisplayApp" target */,
			);
			path = StockMarketDisplayApp;
			sourceTree = "<group>";
		};
		099914C12E61755D00718415 /* StockMarketDisplayAppTests */ = {
			isa = PBXFileSystemSynchronizedRootGroup;
			path = StockMarketDisplayAppTests;
			sourceTree = "<group>";
		};
		099914CB2E61755D00718415 /* StockMarketDisplayAppUITests */ = {
			isa = PBXFileSystemSynchronizedRootGroup;
			path = StockMarketDisplayAppUITests;
			sourceTree = "<group>";
		};
/* End PBXFileSystemSynchronizedRootGroup section */

/* Begin PBXFrameworksBuildPhase section */
		099914A52E61755A00718415 /* Frameworks */ = {
			isa = PBXFrameworksBuildPhase;
			buildActionMask = 2147483647;
			files = (
			);
			runOnlyForDeploymentPostprocessing = 0;
		};
		099914BB2E61755D00718415 /* Frameworks */ = {
			isa = PBXFrameworksBuildPhase;
			buildActionMask = 2147483647;
			files = (
			);
			runOnlyForDeploymentPostprocessing = 0;
		};
		099914C52E61755D00718415 /* Frameworks */ = {
			isa = PBXFrameworksBuildPhase;
			buildActionMask = 2147483647;
			files = (
			);
			runOnlyForDeploymentPostprocessing = 0;
		};
/* End PBXFrameworksBuildPhase section */

/* Begin PBXGroup section */
		0999149F2E61755A00718415 = {
			isa = PBXGroup;
			children = (
				099914AA2E61755A00718415 /* StockMarketDisplayApp */,
				099914C12E61755D00718415 /* StockMarketDisplayAppTests */,
				099914CB2E61755D00718415 /* StockMarketDisplayAppUITests */,
				099914A92E61755A00718415 /* Products */,
			);
			sourceTree = "<group>";
		};
		099914A92E61755A00718415 /* Products */ = {
			isa = PBXGroup;
			children = (
				099914A82E61755A00718415 /* StockMarketDisplayApp.app */,
				099914BE2E61755D00718415 /* StockMarketDisplayAppTests.xctest */,
				099914C82E61755D00718415 /* StockMarketDisplayAppUITests.xctest */,
			);
			name = Products;
			sourceTree = "<group>";
		};
/* End PBXGroup section */

/* Begin PBXNativeTarget section */
		099914A72E61755A00718415 /* StockMarketDisplayApp */ = {
			isa = PBXNativeTarget;
			buildConfigurationList = 099914D12E61755D00718415 /* Build configuration list for PBXNativeTarget "StockMarketDisplayApp" */;
			buildPhases = (
				099914A42E61755A00718415 /* Sources */,
				099914A52E61755A00718415 /* Frameworks */,
				099914A62E61755A00718415 /* Resources */,
			);
			buildRules = (
			);
			dependencies = (
			);
			fileSystemSynchronizedGroups = (
				099914AA2E61755A00718415 /* StockMarketDisplayApp */,
			);
			name = StockMarketDisplayApp;
			packageProductDependencies = (
			);
			productName = StockMarketDisplayApp;
			productReference = 099914A82E61755A00718415 /* StockMarketDisplayApp.app */;
			productType = "com.apple.product-type.application";
		};
		099914BD2E61755D00718415 /* StockMarketDisplayAppTests */ = {
			isa = PBXNativeTarget;
			buildConfigurationList = 099914D62E61755D00718415 /* Build configuration list for PBXNativeTarget "StockMarketDisplayAppTests" */;
			buildPhases = (
				099914BA2E61755D00718415 /* Sources */,
				099914BB2E61755D00718415 /* Frameworks */,
				099914BC2E61755D00718415 /* Resources */,
			);
			buildRules = (
			);
			dependencies = (
				099914C02E61755D00718415 /* PBXTargetDependency */,
			);
			fileSystemSynchronizedGroups = (
				099914C12E61755D00718415 /* StockMarketDisplayAppTests */,
			);
			name = StockMarketDisplayAppTests;
			packageProductDependencies = (
			);
			productName = StockMarketDisplayAppTests;
			productReference = 099914BE2E61755D00718415 /* StockMarketDisplayAppTests.xctest */;
			productType = "com.apple.product-type.bundle.unit-test";
		};
		099914C72E61755D00718415 /* StockMarketDisplayAppUITests */ = {
			isa = PBXNativeTarget;
			buildConfigurationList = 099914D92E61755D00718415 /* Build configuration list for PBXNativeTarget "StockMarketDisplayAppUITests" */;
			buildPhases = (
				099914C42E61755D00718415 /* Sources */,
				099914C52E61755D00718415 /* Frameworks */,
				099914C62E61755D00718415 /* Resources */,
			);
			buildRules = (
			);
			dependencies = (
				099914CA2E61755D00718415 /* PBXTargetDependency */,
			);
			fileSystemSynchronizedGroups = (
				099914CB2E61755D00718415 /* StockMarketDisplayAppUITests */,
			);
			name = StockMarketDisplayAppUITests;
			packageProductDependencies = (
			);
			productName = StockMarketDisplayAppUITests;
			productReference = 099914C82E61755D00718415 /* StockMarketDisplayAppUITests.xctest */;
			productType = "com.apple.product-type.bundle.ui-testing";
		};
/* End PBXNativeTarget section */

/* Begin PBXProject section */
		099914A02E61755A00718415 /* Project object */ = {
			isa = PBXProject;
			attributes = {
				BuildIndependentTargetsInParallel = 1;
				LastSwiftUpdateCheck = 1640;
				LastUpgradeCheck = 1640;
				TargetAttributes = {
					099914A72E61755A00718415 = {
						CreatedOnToolsVersion = 16.4;
					};
					099914BD2E61755D00718415 = {
						CreatedOnToolsVersion = 16.4;
						TestTargetID = 099914A72E61755A00718415;
					};
					099914C72E61755D00718415 = {
						CreatedOnToolsVersion = 16.4;
						TestTargetID = 099914A72E61755A00718415;
					};
				};
			};
			buildConfigurationList = 099914A32E61755A00718415 /* Build configuration list for PBXProject "StockMarketDisplayApp" */;
			developmentRegion = en;
			hasScannedForEncodings = 0;
			knownRegions = (
				en,
				Base,
			);
			mainGroup = 0999149F2E61755A00718415;
			minimizedProjectReferenceProxies = 1;
			preferredProjectObjectVersion = 77;
			productRefGroup = 099914A92E61755A00718415 /* Products */;
			projectDirPath = "";
			projectRoot = "";
			targets = (
				099914A72E61755A00718415 /* StockMarketDisplayApp */,
				099914BD2E61755D00718415 /* StockMarketDisplayAppTests */,
				099914C72E61755D00718415 /* StockMarketDisplayAppUITests */,
			);
		};
/* End PBXProject section */

/* Begin PBXResourcesBuildPhase section */
		099914A62E61755A00718415 /* Resources */ = {
			isa = PBXResourcesBuildPhase;
			buildActionMask = 2147483647;
			files = (
			);
			runOnlyForDeploymentPostprocessing = 0;
		};
		099914BC2E61755D00718415 /* Resources */ = {
			isa = PBXResourcesBuildPhase;
			buildActionMask = 2147483647;
			files = (
			);
			runOnlyForDeploymentPostprocessing = 0;
		};
		099914C62E61755D00718415 /* Resources */ = {
			isa = PBXResourcesBuildPhase;
			buildActionMask = 2147483647;
			files = (
			);
			runOnlyForDeploymentPostprocessing = 0;
		};
/* End PBXResourcesBuildPhase section */

/* Begin PBXSourcesBuildPhase section */
		099914A42E61755A00718415 /* Sources */ = {
			isa = PBXSourcesBuildPhase;
			buildActionMask = 2147483647;
			files = (
			);
			runOnlyForDeploymentPostprocessing = 0;
		};
		099914BA2E61755D00718415 /* Sources */ = {
			isa = PBXSourcesBuildPhase;
			buildActionMask = 2147483647;
			files = (
			);
			runOnlyForDeploymentPostprocessing = 0;
		};
		099914C42E61755D00718415 /* Sources */ = {
			isa = PBXSourcesBuildPhase;
			buildActionMask = 2147483647;
			files = (
			);
			runOnlyForDeploymentPostprocessing = 0;
		};
/* End PBXSourcesBuildPhase section */

/* Begin PBXTargetDependency section */
		099914C02E61755D00718415 /* PBXTargetDependency */ = {
			isa = PBXTargetDependency;
			target = 099914A72E61755A00718415 /* StockMarketDisplayApp */;
			targetProxy = 099914BF2E61755D00718415 /* PBXContainerItemProxy */;
		};
		099914CA2E61755D00718415 /* PBXTargetDependency */ = {
			isa = PBXTargetDependency;
			target = 099914A72E61755A00718415 /* StockMarketDisplayApp */;
			targetProxy = 099914C92E61755D00718415 /* PBXContainerItemProxy */;
		};
/* End PBXTargetDependency section */

/* Begin XCBuildConfiguration section */
		099914D22E61755D00718415 /* Debug */ = {
			isa = XCBuildConfiguration;
			buildSettings = {
				ASSETCATALOG_COMPILER_APPICON_NAME = AppIcon;
				ASSETCATALOG_COMPILER_GLOBAL_ACCENT_COLOR_NAME = AccentColor;
				CODE_SIGN_STYLE = Automatic;
				CURRENT_PROJECT_VERSION = 1;
				DEVELOPMENT_TEAM = VS54H3MNP6;
				GENERATE_INFOPLIST_FILE = YES;
				INFOPLIST_FILE = StockMarketDisplayApp/Info.plist;
				INFOPLIST_KEY_UIApplicationSupportsIndirectInputEvents = YES;
				INFOPLIST_KEY_UILaunchStoryboardName = LaunchScreen;
				INFOPLIST_KEY_UIMainStoryboardFile = Main;
				INFOPLIST_KEY_UISupportedInterfaceOrientations_iPad = "UIInterfaceOrientationPortrait UIInterfaceOrientationPortraitUpsideDown UIInterfaceOrientationLandscapeLeft UIInterfaceOrientationLandscapeRight";
				INFOPLIST_KEY_UISupportedInterfaceOrientations_iPhone = "UIInterfaceOrientationPortrait UIInterfaceOrientationLandscapeLeft UIInterfaceOrientationLandscapeRight";
				LD_RUNPATH_SEARCH_PATHS = (
					"$(inherited)",
					"@executable_path/Frameworks",
				);
				MARKETING_VERSION = 1.0;
				PRODUCT_BUNDLE_IDENTIFIER = pragmaticprogramming.StockMarketDisplayApp;
				PRODUCT_NAME = "$(TARGET_NAME)";
				SWIFT_EMIT_LOC_STRINGS = YES;
				SWIFT_VERSION = 5.0;
				TARGETED_DEVICE_FAMILY = "1,2";
			};
			name = Debug;
		};
		099914D32E61755D00718415 /* Release */ = {
			isa = XCBuildConfiguration;
			buildSettings = {
				ASSETCATALOG_COMPILER_APPICON_NAME = AppIcon;
				ASSETCATALOG_COMPILER_GLOBAL_ACCENT_COLOR_NAME = AccentColor;
				CODE_SIGN_STYLE = Automatic;
				CURRENT_PROJECT_VERSION = 1;
				DEVELOPMENT_TEAM = VS54H3MNP6;
				GENERATE_INFOPLIST_FILE = YES;
				INFOPLIST_FILE = StockMarketDisplayApp/Info.plist;
				INFOPLIST_KEY_UIApplicationSupportsIndirectInputEvents = YES;
				INFOPLIST_KEY_UILaunchStoryboardName = LaunchScreen;
				INFOPLIST_KEY_UIMainStoryboardFile = Main;
				INFOPLIST_KEY_UISupportedInterfaceOrientations_iPad = "UIInterfaceOrientationPortrait UIInterfaceOrientationPortraitUpsideDown UIInterfaceOrientationLandscapeLeft UIInterfaceOrientationLandscapeRight";
				INFOPLIST_KEY_UISupportedInterfaceOrientations_iPhone = "UIInterfaceOrientationPortrait UIInterfaceOrientationLandscapeLeft UIInterfaceOrientationLandscapeRight";
				LD_RUNPATH_SEARCH_PATHS = (
					"$(inherited)",
					"@executable_path/Frameworks",
				);
				MARKETING_VERSION = 1.0;
				PRODUCT_BUNDLE_IDENTIFIER = pragmaticprogramming.StockMarketDisplayApp;
				PRODUCT_NAME = "$(TARGET_NAME)";
				SWIFT_EMIT_LOC_STRINGS = YES;
				SWIFT_VERSION = 5.0;
				TARGETED_DEVICE_FAMILY = "1,2";
			};
			name = Release;
		};
		099914D42E61755D00718415 /* Debug */ = {
			isa = XCBuildConfiguration;
			buildSettings = {
				ALWAYS_SEARCH_USER_PATHS = NO;
				ASSETCATALOG_COMPILER_GENERATE_SWIFT_ASSET_SYMBOL_EXTENSIONS = YES;
				CLANG_ANALYZER_NONNULL = YES;
				CLANG_ANALYZER_NUMBER_OBJECT_CONVERSION = YES_AGGRESSIVE;
				CLANG_CXX_LANGUAGE_STANDARD = "gnu++20";
				CLANG_ENABLE_MODULES = YES;
				CLANG_ENABLE_OBJC_ARC = YES;
				CLANG_ENABLE_OBJC_WEAK = YES;
				CLANG_WARN_BLOCK_CAPTURE_AUTORELEASING = YES;
				CLANG_WARN_BOOL_CONVERSION = YES;
				CLANG_WARN_COMMA = YES;
				CLANG_WARN_CONSTANT_CONVERSION = YES;
				CLANG_WARN_DEPRECATED_OBJC_IMPLEMENTATIONS = YES;
				CLANG_WARN_DIRECT_OBJC_ISA_USAGE = YES_ERROR;
				CLANG_WARN_DOCUMENTATION_COMMENTS = YES;
				CLANG_WARN_EMPTY_BODY = YES;
				CLANG_WARN_ENUM_CONVERSION = YES;
				CLANG_WARN_INFINITE_RECURSION = YES;
				CLANG_WARN_INT_CONVERSION = YES;
				CLANG_WARN_NON_LITERAL_NULL_CONVERSION = YES;
				CLANG_WARN_OBJC_IMPLICIT_RETAIN_SELF = YES;
				CLANG_WARN_OBJC_LITERAL_CONVERSION = YES;
				CLANG_WARN_OBJC_ROOT_CLASS = YES_ERROR;
				CLANG_WARN_QUOTED_INCLUDE_IN_FRAMEWORK_HEADER = YES;
				CLANG_WARN_RANGE_LOOP_ANALYSIS = YES;
				CLANG_WARN_STRICT_PROTOTYPES = YES;
				CLANG_WARN_SUSPICIOUS_MOVE = YES;
				CLANG_WARN_UNGUARDED_AVAILABILITY = YES_AGGRESSIVE;
				CLANG_WARN_UNREACHABLE_CODE = YES;
				CLANG_WARN__DUPLICATE_METHOD_MATCH = YES;
				COPY_PHASE_STRIP = NO;
				DEBUG_INFORMATION_FORMAT = dwarf;
				DEVELOPMENT_TEAM = VS54H3MNP6;
				ENABLE_STRICT_OBJC_MSGSEND = YES;
				ENABLE_TESTABILITY = YES;
				ENABLE_USER_SCRIPT_SANDBOXING = YES;
				GCC_C_LANGUAGE_STANDARD = gnu17;
				GCC_DYNAMIC_NO_PIC = NO;
				GCC_NO_COMMON_BLOCKS = YES;
				GCC_OPTIMIZATION_LEVEL = 0;
				GCC_PREPROCESSOR_DEFINITIONS = (
					"DEBUG=1",
					"$(inherited)",
				);
				GCC_WARN_64_TO_32_BIT_CONVERSION = YES;
				GCC_WARN_ABOUT_RETURN_TYPE = YES_ERROR;
				GCC_WARN_UNDECLARED_SELECTOR = YES;
				GCC_WARN_UNINITIALIZED_AUTOS = YES_AGGRESSIVE;
				GCC_WARN_UNUSED_FUNCTION = YES;
				GCC_WARN_UNUSED_VARIABLE = YES;
				IPHONEOS_DEPLOYMENT_TARGET = 18.5;
				LOCALIZATION_PREFERS_STRING_CATALOGS = YES;
				MTL_ENABLE_DEBUG_INFO = INCLUDE_SOURCE;
				MTL_FAST_MATH = YES;
				ONLY_ACTIVE_ARCH = YES;
				SDKROOT = iphoneos;
				SWIFT_ACTIVE_COMPILATION_CONDITIONS = "DEBUG $(inherited)";
				SWIFT_OPTIMIZATION_LEVEL = "-Onone";
			};
			name = Debug;
		};
		099914D52E61755D00718415 /* Release */ = {
			isa = XCBuildConfiguration;
			buildSettings = {
				ALWAYS_SEARCH_USER_PATHS = NO;
				ASSETCATALOG_COMPILER_GENERATE_SWIFT_ASSET_SYMBOL_EXTENSIONS = YES;
				CLANG_ANALYZER_NONNULL = YES;
				CLANG_ANALYZER_NUMBER_OBJECT_CONVERSION = YES_AGGRESSIVE;
				CLANG_CXX_LANGUAGE_STANDARD = "gnu++20";
				CLANG_ENABLE_MODULES = YES;
				CLANG_ENABLE_OBJC_ARC = YES;
				CLANG_ENABLE_OBJC_WEAK = YES;
				CLANG_WARN_BLOCK_CAPTURE_AUTORELEASING = YES;
				CLANG_WARN_BOOL_CONVERSION = YES;
				CLANG_WARN_COMMA = YES;
				CLANG_WARN_CONSTANT_CONVERSION = YES;
				CLANG_WARN_DEPRECATED_OBJC_IMPLEMENTATIONS = YES;
				CLANG_WARN_DIRECT_OBJC_ISA_USAGE = YES_ERROR;
				CLANG_WARN_DOCUMENTATION_COMMENTS = YES;
				CLANG_WARN_EMPTY_BODY = YES;
				CLANG_WARN_ENUM_CONVERSION = YES;
				CLANG_WARN_INFINITE_RECURSION = YES;
				CLANG_WARN_INT_CONVERSION = YES;
				CLANG_WARN_NON_LITERAL_NULL_CONVERSION = YES;
				CLANG_WARN_OBJC_IMPLICIT_RETAIN_SELF = YES;
				CLANG_WARN_OBJC_LITERAL_CONVERSION = YES;
				CLANG_WARN_OBJC_ROOT_CLASS = YES_ERROR;
				CLANG_WARN_QUOTED_INCLUDE_IN_FRAMEWORK_HEADER = YES;
				CLANG_WARN_RANGE_LOOP_ANALYSIS = YES;
				CLANG_WARN_STRICT_PROTOTYPES = YES;
				CLANG_WARN_SUSPICIOUS_MOVE = YES;
				CLANG_WARN_UNGUARDED_AVAILABILITY = YES_AGGRESSIVE;
				CLANG_WARN_UNREACHABLE_CODE = YES;
				CLANG_WARN__DUPLICATE_METHOD_MATCH = YES;
				COPY_PHASE_STRIP = NO;
				DEBUG_INFORMATION_FORMAT = "dwarf-with-dsym";
				DEVELOPMENT_TEAM = VS54H3MNP6;
				ENABLE_NS_ASSERTIONS = NO;
				ENABLE_STRICT_OBJC_MSGSEND = YES;
				ENABLE_USER_SCRIPT_SANDBOXING = YES;
				GCC_C_LANGUAGE_STANDARD = gnu17;
				GCC_NO_COMMON_BLOCKS = YES;
				GCC_WARN_64_TO_32_BIT_CONVERSION = YES;
				GCC_WARN_ABOUT_RETURN_TYPE = YES_ERROR;
				GCC_WARN_UNDECLARED_SELECTOR = YES;
				GCC_WARN_UNINITIALIZED_AUTOS = YES_AGGRESSIVE;
				GCC_WARN_UNUSED_FUNCTION = YES;
				GCC_WARN_UNUSED_VARIABLE = YES;
				IPHONEOS_DEPLOYMENT_TARGET = 18.5;
				LOCALIZATION_PREFERS_STRING_CATALOGS = YES;
				MTL_ENABLE_DEBUG_INFO = NO;
				MTL_FAST_MATH = YES;
				SDKROOT = iphoneos;
				SWIFT_COMPILATION_MODE = wholemodule;
				VALIDATE_PRODUCT = YES;
			};
			name = Release;
		};
		099914D72E61755D00718415 /* Debug */ = {
			isa = XCBuildConfiguration;
			buildSettings = {
				BUNDLE_LOADER = "$(TEST_HOST)";
				CODE_SIGN_STYLE = Automatic;
				CURRENT_PROJECT_VERSION = 1;
				DEVELOPMENT_TEAM = VS54H3MNP6;
				GENERATE_INFOPLIST_FILE = YES;
				IPHONEOS_DEPLOYMENT_TARGET = 18.5;
				MARKETING_VERSION = 1.0;
				PRODUCT_BUNDLE_IDENTIFIER = pragmaticprogramming.StockMarketDisplayAppTests;
				PRODUCT_NAME = "$(TARGET_NAME)";
				SWIFT_EMIT_LOC_STRINGS = NO;
				SWIFT_VERSION = 5.0;
				TARGETED_DEVICE_FAMILY = "1,2";
				TEST_HOST = "$(BUILT_PRODUCTS_DIR)/StockMarketDisplayApp.app/$(BUNDLE_EXECUTABLE_FOLDER_PATH)/StockMarketDisplayApp";
			};
			name = Debug;
		};
		099914D82E61755D00718415 /* Release */ = {
			isa = XCBuildConfiguration;
			buildSettings = {
				BUNDLE_LOADER = "$(TEST_HOST)";
				CODE_SIGN_STYLE = Automatic;
				CURRENT_PROJECT_VERSION = 1;
				DEVELOPMENT_TEAM = VS54H3MNP6;
				GENERATE_INFOPLIST_FILE = YES;
				IPHONEOS_DEPLOYMENT_TARGET = 18.5;
				MARKETING_VERSION = 1.0;
				PRODUCT_BUNDLE_IDENTIFIER = pragmaticprogramming.StockMarketDisplayAppTests;
				PRODUCT_NAME = "$(TARGET_NAME)";
				SWIFT_EMIT_LOC_STRINGS = NO;
				SWIFT_VERSION = 5.0;
				TARGETED_DEVICE_FAMILY = "1,2";
				TEST_HOST = "$(BUILT_PRODUCTS_DIR)/StockMarketDisplayApp.app/$(BUNDLE_EXECUTABLE_FOLDER_PATH)/StockMarketDisplayApp";
			};
			name = Release;
		};
		099914DA2E61755D00718415 /* Debug */ = {
			isa = XCBuildConfiguration;
			buildSettings = {
				CODE_SIGN_STYLE = Automatic;
				CURRENT_PROJECT_VERSION = 1;
				DEVELOPMENT_TEAM = VS54H3MNP6;
				GENERATE_INFOPLIST_FILE = YES;
				MARKETING_VERSION = 1.0;
				PRODUCT_BUNDLE_IDENTIFIER = pragmaticprogramming.StockMarketDisplayAppUITests;
				PRODUCT_NAME = "$(TARGET_NAME)";
				SWIFT_EMIT_LOC_STRINGS = NO;
				SWIFT_VERSION = 5.0;
				TARGETED_DEVICE_FAMILY = "1,2";
				TEST_TARGET_NAME = StockMarketDisplayApp;
			};
			name = Debug;
		};
		099914DB2E61755D00718415 /* Release */ = {
			isa = XCBuildConfiguration;
			buildSettings = {
				CODE_SIGN_STYLE = Automatic;
				CURRENT_PROJECT_VERSION = 1;
				DEVELOPMENT_TEAM = VS54H3MNP6;
				GENERATE_INFOPLIST_FILE = YES;
				MARKETING_VERSION = 1.0;
				PRODUCT_BUNDLE_IDENTIFIER = pragmaticprogramming.StockMarketDisplayAppUITests;
				PRODUCT_NAME = "$(TARGET_NAME)";
				SWIFT_EMIT_LOC_STRINGS = NO;
				SWIFT_VERSION = 5.0;
				TARGETED_DEVICE_FAMILY = "1,2";
				TEST_TARGET_NAME = StockMarketDisplayApp;
			};
			name = Release;
		};
/* End XCBuildConfiguration section */

/* Begin XCConfigurationList section */
		099914A32E61755A00718415 /* Build configuration list for PBXProject "StockMarketDisplayApp" */ = {
			isa = XCConfigurationList;
			buildConfigurations = (
				099914D42E61755D00718415 /* Debug */,
				099914D52E61755D00718415 /* Release */,
			);
			defaultConfigurationIsVisible = 0;
			defaultConfigurationName = Release;
		};
		099914D12E61755D00718415 /* Build configuration list for PBXNativeTarget "StockMarketDisplayApp" */ = {
			isa = XCConfigurationList;
			buildConfigurations = (
				099914D22E61755D00718415 /* Debug */,
				099914D32E61755D00718415 /* Release */,
			);
			defaultConfigurationIsVisible = 0;
			defaultConfigurationName = Release;
		};
		099914D62E61755D00718415 /* Build configuration list for PBXNativeTarget "StockMarketDisplayAppTests" */ = {
			isa = XCConfigurationList;
			buildConfigurations = (
				099914D72E61755D00718415 /* Debug */,
				099914D82E61755D00718415 /* Release */,
			);
			defaultConfigurationIsVisible = 0;
			defaultConfigurationName = Release;
		};
		099914D92E61755D00718415 /* Build configuration list for PBXNativeTarget "StockMarketDisplayAppUITests" */ = {
			isa = XCConfigurationList;
			buildConfigurations = (
				099914DA2E61755D00718415 /* Debug */,
				099914DB2E61755D00718415 /* Release */,
			);
			defaultConfigurationIsVisible = 0;
			defaultConfigurationName = Release;
		};
/* End XCConfigurationList section */
	};
	rootObject = 099914A02E61755A00718415 /* Project object */;
}
